// !$*UTF8*$!
{
	archiveVersion = 1;
	classes = {
	};
	objectVersion = 55;
	objects = {

/* Begin PBXBuildFile section */
		1B076BF128B9C2D0003C16F0 /* ReflexesApp.swift in Sources */ = {isa = PBXBuildFile; fileRef = 1B076BF028B9C2D0003C16F0 /* ReflexesApp.swift */; };
		1B076BF328B9C2D0003C16F0 /* ContentView.swift in Sources */ = {isa = PBXBuildFile; fileRef = 1B076BF228B9C2D0003C16F0 /* ContentView.swift */; };
		1B076BF528B9C2D2003C16F0 /* Assets.xcassets in Resources */ = {isa = PBXBuildFile; fileRef = 1B076BF428B9C2D2003C16F0 /* Assets.xcassets */; };
		1B076BF828B9C2D2003C16F0 /* Preview Assets.xcassets in Resources */ = {isa = PBXBuildFile; fileRef = 1B076BF728B9C2D2003C16F0 /* Preview Assets.xcassets */; };
		1B076C0128B9C4B2003C16F0 /* GameSceneView.swift in Sources */ = {isa = PBXBuildFile; fileRef = 1B076C0028B9C4B2003C16F0 /* GameSceneView.swift */; };
		1B076C0328B9C643003C16F0 /* UseageView.swift in Sources */ = {isa = PBXBuildFile; fileRef = 1B076C0228B9C643003C16F0 /* UseageView.swift */; };
		1B076C0528BA9120003C16F0 /* countTimer.swift in Sources */ = {isa = PBXBuildFile; fileRef = 1B076C0428BA9120003C16F0 /* countTimer.swift */; };
		1B35D96028CC4F1E00520D09 /* UseageView2.swift in Sources */ = {isa = PBXBuildFile; fileRef = 1B35D95F28CC4F1E00520D09 /* UseageView2.swift */; };
		1B35D96228CC4F2900520D09 /* UseageView3.swift in Sources */ = {isa = PBXBuildFile; fileRef = 1B35D96128CC4F2900520D09 /* UseageView3.swift */; };
		1B35D96428CC5D3200520D09 /* UseageView4.swift in Sources */ = {isa = PBXBuildFile; fileRef = 1B35D96328CC5D3200520D09 /* UseageView4.swift */; };
		1B35D96528CC90CD00520D09 /* g_squarebold_free_010.ttf in Resources */ = {isa = PBXBuildFile; fileRef = 1B35D96728CC90CD00520D09 /* g_squarebold_free_010.ttf */; };
		1B9C485B28C48C8F0045D51A /* ResultView.swift in Sources */ = {isa = PBXBuildFile; fileRef = 1B9C485A28C48C8F0045D51A /* ResultView.swift */; };
		1B9C485D28C749B70045D51A /* SoundPlayer.swift in Sources */ = {isa = PBXBuildFile; fileRef = 1B9C485C28C749B70045D51A /* SoundPlayer.swift */; };
/* End PBXBuildFile section */

/* Begin PBXFileReference section */
		1B076BED28B9C2D0003C16F0 /* Reflexes.app */ = {isa = PBXFileReference; explicitFileType = wrapper.application; includeInIndex = 0; path = Reflexes.app; sourceTree = BUILT_PRODUCTS_DIR; };
		1B076BF028B9C2D0003C16F0 /* ReflexesApp.swift */ = {isa = PBXFileReference; lastKnownFileType = sourcecode.swift; path = ReflexesApp.swift; sourceTree = "<group>"; };
		1B076BF228B9C2D0003C16F0 /* ContentView.swift */ = {isa = PBXFileReference; lastKnownFileType = sourcecode.swift; path = ContentView.swift; sourceTree = "<group>"; };
		1B076BF428B9C2D2003C16F0 /* Assets.xcassets */ = {isa = PBXFileReference; lastKnownFileType = folder.assetcatalog; path = Assets.xcassets; sourceTree = "<group>"; };
		1B076BF728B9C2D2003C16F0 /* Preview Assets.xcassets */ = {isa = PBXFileReference; lastKnownFileType = folder.assetcatalog; path = "Preview Assets.xcassets"; sourceTree = "<group>"; };
		1B076C0028B9C4B2003C16F0 /* GameSceneView.swift */ = {isa = PBXFileReference; lastKnownFileType = sourcecode.swift; path = GameSceneView.swift; sourceTree = "<group>"; };
		1B076C0228B9C643003C16F0 /* UseageView.swift */ = {isa = PBXFileReference; lastKnownFileType = sourcecode.swift; path = UseageView.swift; sourceTree = "<group>"; };
		1B076C0428BA9120003C16F0 /* countTimer.swift */ = {isa = PBXFileReference; lastKnownFileType = sourcecode.swift; path = countTimer.swift; sourceTree = "<group>"; };
		1B35D95F28CC4F1E00520D09 /* UseageView2.swift */ = {isa = PBXFileReference; lastKnownFileType = sourcecode.swift; path = UseageView2.swift; sourceTree = "<group>"; };
		1B35D96128CC4F2900520D09 /* UseageView3.swift */ = {isa = PBXFileReference; lastKnownFileType = sourcecode.swift; path = UseageView3.swift; sourceTree = "<group>"; };
		1B35D96328CC5D3200520D09 /* UseageView4.swift */ = {isa = PBXFileReference; lastKnownFileType = sourcecode.swift; path = UseageView4.swift; sourceTree = "<group>"; };
		1B35D96628CC90CD00520D09 /* Base */ = {isa = PBXFileReference; lastKnownFileType = file; name = Base; path = Base.lproj/g_squarebold_free_010.ttf; sourceTree = "<group>"; };
		1B9C485A28C48C8F0045D51A /* ResultView.swift */ = {isa = PBXFileReference; lastKnownFileType = sourcecode.swift; path = ResultView.swift; sourceTree = "<group>"; };
		1B9C485C28C749B70045D51A /* SoundPlayer.swift */ = {isa = PBXFileReference; lastKnownFileType = sourcecode.swift; path = SoundPlayer.swift; sourceTree = "<group>"; };
		1B9C486028C75D620045D51A /* Info.plist */ = {isa = PBXFileReference; lastKnownFileType = text.plist; path = Info.plist; sourceTree = "<group>"; };
/* End PBXFileReference section */

/* Begin PBXFrameworksBuildPhase section */
		1B076BEA28B9C2D0003C16F0 /* Frameworks */ = {
			isa = PBXFrameworksBuildPhase;
			buildActionMask = 2147483647;
			files = (
			);
			runOnlyForDeploymentPostprocessing = 0;
		};
/* End PBXFrameworksBuildPhase section */

/* Begin PBXGroup section */
		1B076BE428B9C2D0003C16F0 = {
			isa = PBXGroup;
			children = (
				1B076BEF28B9C2D0003C16F0 /* Reflexes */,
				1B076BEE28B9C2D0003C16F0 /* Products */,
			);
			sourceTree = "<group>";
		};
		1B076BEE28B9C2D0003C16F0 /* Products */ = {
			isa = PBXGroup;
			children = (
				1B076BED28B9C2D0003C16F0 /* Reflexes.app */,
			);
			name = Products;
			sourceTree = "<group>";
		};
		1B076BEF28B9C2D0003C16F0 /* Reflexes */ = {
			isa = PBXGroup;
			children = (
				1B9C486028C75D620045D51A /* Info.plist */,
				1B076BF028B9C2D0003C16F0 /* ReflexesApp.swift */,
				1B076BF228B9C2D0003C16F0 /* ContentView.swift */,
				1B35D95E28CC4EF000520D09 /* Useage */,
				1B076C0028B9C4B2003C16F0 /* GameSceneView.swift */,
				1B9C485A28C48C8F0045D51A /* ResultView.swift */,
				1B076C0428BA9120003C16F0 /* countTimer.swift */,
				1B076BF428B9C2D2003C16F0 /* Assets.xcassets */,
				1B9C485C28C749B70045D51A /* SoundPlayer.swift */,
				1B076BF628B9C2D2003C16F0 /* Preview Content */,
			);
			path = Reflexes;
			sourceTree = "<group>";
		};
		1B076BF628B9C2D2003C16F0 /* Preview Content */ = {
			isa = PBXGroup;
			children = (
				1B076BF728B9C2D2003C16F0 /* Preview Assets.xcassets */,
				1B35D96728CC90CD00520D09 /* g_squarebold_free_010.ttf */,
			);
			path = "Preview Content";
			sourceTree = "<group>";
		};
		1B35D95E28CC4EF000520D09 /* Useage */ = {
			isa = PBXGroup;
			children = (
				1B076C0228B9C643003C16F0 /* UseageView.swift */,
				1B35D95F28CC4F1E00520D09 /* UseageView2.swift */,
				1B35D96128CC4F2900520D09 /* UseageView3.swift */,
				1B35D96328CC5D3200520D09 /* UseageView4.swift */,
			);
			path = Useage;
			sourceTree = "<group>";
		};
/* End PBXGroup section */

/* Begin PBXNativeTarget section */
		1B076BEC28B9C2D0003C16F0 /* Reflexes */ = {
			isa = PBXNativeTarget;
			buildConfigurationList = 1B076BFB28B9C2D2003C16F0 /* Build configuration list for PBXNativeTarget "Reflexes" */;
			buildPhases = (
				1B076BE928B9C2D0003C16F0 /* Sources */,
				1B076BEA28B9C2D0003C16F0 /* Frameworks */,
				1B076BEB28B9C2D0003C16F0 /* Resources */,
			);
			buildRules = (
			);
			dependencies = (
			);
			name = Reflexes;
			productName = Reflexes;
			productReference = 1B076BED28B9C2D0003C16F0 /* Reflexes.app */;
			productType = "com.apple.product-type.application";
		};
/* End PBXNativeTarget section */

/* Begin PBXProject section */
		1B076BE528B9C2D0003C16F0 /* Project object */ = {
			isa = PBXProject;
			attributes = {
				BuildIndependentTargetsInParallel = 1;
				LastSwiftUpdateCheck = 1340;
				LastUpgradeCheck = 1340;
				TargetAttributes = {
					1B076BEC28B9C2D0003C16F0 = {
						CreatedOnToolsVersion = 13.4.1;
					};
				};
			};
			buildConfigurationList = 1B076BE828B9C2D0003C16F0 /* Build configuration list for PBXProject "Reflexes" */;
			compatibilityVersion = "Xcode 13.0";
			developmentRegion = en;
			hasScannedForEncodings = 0;
			knownRegions = (
				en,
				Base,
			);
			mainGroup = 1B076BE428B9C2D0003C16F0;
			productRefGroup = 1B076BEE28B9C2D0003C16F0 /* Products */;
			projectDirPath = "";
			projectRoot = "";
			targets = (
				1B076BEC28B9C2D0003C16F0 /* Reflexes */,
			);
		};
/* End PBXProject section */

/* Begin PBXResourcesBuildPhase section */
		1B076BEB28B9C2D0003C16F0 /* Resources */ = {
			isa = PBXResourcesBuildPhase;
			buildActionMask = 2147483647;
			files = (
				1B35D96528CC90CD00520D09 /* g_squarebold_free_010.ttf in Resources */,
				1B076BF828B9C2D2003C16F0 /* Preview Assets.xcassets in Resources */,
				1B076BF528B9C2D2003C16F0 /* Assets.xcassets in Resources */,
			);
			runOnlyForDeploymentPostprocessing = 0;
		};
/* End PBXResourcesBuildPhase section */

/* Begin PBXSourcesBuildPhase section */
		1B076BE928B9C2D0003C16F0 /* Sources */ = {
			isa = PBXSourcesBuildPhase;
			buildActionMask = 2147483647;
			files = (
				1B076C0528BA9120003C16F0 /* countTimer.swift in Sources */,
				1B35D96228CC4F2900520D09 /* UseageView3.swift in Sources */,
				1B9C485D28C749B70045D51A /* SoundPlayer.swift in Sources */,
				1B076C0328B9C643003C16F0 /* UseageView.swift in Sources */,
				1B35D96428CC5D3200520D09 /* UseageView4.swift in Sources */,
				1B35D96028CC4F1E00520D09 /* UseageView2.swift in Sources */,
				1B076BF328B9C2D0003C16F0 /* ContentView.swift in Sources */,
				1B076C0128B9C4B2003C16F0 /* GameSceneView.swift in Sources */,
				1B076BF128B9C2D0003C16F0 /* ReflexesApp.swift in Sources */,
				1B9C485B28C48C8F0045D51A /* ResultView.swift in Sources */,
			);
			runOnlyForDeploymentPostprocessing = 0;
		};
/* End PBXSourcesBuildPhase section */

/* Begin PBXVariantGroup section */
		1B35D96728CC90CD00520D09 /* g_squarebold_free_010.ttf */ = {
			isa = PBXVariantGroup;
			children = (
				1B35D96628CC90CD00520D09 /* Base */,
			);
			name = g_squarebold_free_010.ttf;
			sourceTree = "<group>";
		};
/* End PBXVariantGroup section */

/* Begin XCBuildConfiguration section */
		1B076BF928B9C2D2003C16F0 /* Debug */ = {
			isa = XCBuildConfiguration;
			buildSettings = {
				ALWAYS_SEARCH_USER_PATHS = NO;
				CLANG_ANALYZER_NONNULL = YES;
				CLANG_ANALYZER_NUMBER_OBJECT_CONVERSION = YES_AGGRESSIVE;
				CLANG_CXX_LANGUAGE_STANDARD = "gnu++17";
				CLANG_ENABLE_MODULES = YES;
				CLANG_ENABLE_OBJC_ARC = YES;
				CLANG_ENABLE_OBJC_WEAK = YES;
				CLANG_WARN_BLOCK_CAPTURE_AUTORELEASING = YES;
				CLANG_WARN_BOOL_CONVERSION = YES;
				CLANG_WARN_COMMA = YES;
				CLANG_WARN_CONSTANT_CONVERSION = YES;
				CLANG_WARN_DEPRECATED_OBJC_IMPLEMENTATIONS = YES;
				CLANG_WARN_DIRECT_OBJC_ISA_USAGE = YES_ERROR;
				CLANG_WARN_DOCUMENTATION_COMMENTS = YES;
				CLANG_WARN_EMPTY_BODY = YES;
				CLANG_WARN_ENUM_CONVERSION = YES;
				CLANG_WARN_INFINITE_RECURSION = YES;
				CLANG_WARN_INT_CONVERSION = YES;
				CLANG_WARN_NON_LITERAL_NULL_CONVERSION = YES;
				CLANG_WARN_OBJC_IMPLICIT_RETAIN_SELF = YES;
				CLANG_WARN_OBJC_LITERAL_CONVERSION = YES;
				CLANG_WARN_OBJC_ROOT_CLASS = YES_ERROR;
				CLANG_WARN_QUOTED_INCLUDE_IN_FRAMEWORK_HEADER = YES;
				CLANG_WARN_RANGE_LOOP_ANALYSIS = YES;
				CLANG_WARN_STRICT_PROTOTYPES = YES;
				CLANG_WARN_SUSPICIOUS_MOVE = YES;
				CLANG_WARN_UNGUARDED_AVAILABILITY = YES_AGGRESSIVE;
				CLANG_WARN_UNREACHABLE_CODE = YES;
				CLANG_WARN__DUPLICATE_METHOD_MATCH = YES;
				COPY_PHASE_STRIP = NO;
				DEBUG_INFORMATION_FORMAT = dwarf;
				ENABLE_STRICT_OBJC_MSGSEND = YES;
				ENABLE_TESTABILITY = YES;
				GCC_C_LANGUAGE_STANDARD = gnu11;
				GCC_DYNAMIC_NO_PIC = NO;
				GCC_NO_COMMON_BLOCKS = YES;
				GCC_OPTIMIZATION_LEVEL = 0;
				GCC_PREPROCESSOR_DEFINITIONS = (
					"DEBUG=1",
					"$(inherited)",
				);
				GCC_WARN_64_TO_32_BIT_CONVERSION = YES;
				GCC_WARN_ABOUT_RETURN_TYPE = YES_ERROR;
				GCC_WARN_UNDECLARED_SELECTOR = YES;
				GCC_WARN_UNINITIALIZED_AUTOS = YES_AGGRESSIVE;
				GCC_WARN_UNUSED_FUNCTION = YES;
				GCC_WARN_UNUSED_VARIABLE = YES;
				IPHONEOS_DEPLOYMENT_TARGET = 15.5;
				MTL_ENABLE_DEBUG_INFO = INCLUDE_SOURCE;
				MTL_FAST_MATH = YES;
				ONLY_ACTIVE_ARCH = YES;
				SDKROOT = iphoneos;
				SWIFT_ACTIVE_COMPILATION_CONDITIONS = DEBUG;
				SWIFT_OPTIMIZATION_LEVEL = "-Onone";
			};
			name = Debug;
		};
		1B076BFA28B9C2D2003C16F0 /* Release */ = {
			isa = XCBuildConfiguration;
			buildSettings = {
				ALWAYS_SEARCH_USER_PATHS = NO;
				CLANG_ANALYZER_NONNULL = YES;
				CLANG_ANALYZER_NUMBER_OBJECT_CONVERSION = YES_AGGRESSIVE;
				CLANG_CXX_LANGUAGE_STANDARD = "gnu++17";
				CLANG_ENABLE_MODULES = YES;
				CLANG_ENABLE_OBJC_ARC = YES;
				CLANG_ENABLE_OBJC_WEAK = YES;
				CLANG_WARN_BLOCK_CAPTURE_AUTORELEASING = YES;
				CLANG_WARN_BOOL_CONVERSION = YES;
				CLANG_WARN_COMMA = YES;
				CLANG_WARN_CONSTANT_CONVERSION = YES;
				CLANG_WARN_DEPRECATED_OBJC_IMPLEMENTATIONS = YES;
				CLANG_WARN_DIRECT_OBJC_ISA_USAGE = YES_ERROR;
				CLANG_WARN_DOCUMENTATION_COMMENTS = YES;
				CLANG_WARN_EMPTY_BODY = YES;
				CLANG_WARN_ENUM_CONVERSION = YES;
				CLANG_WARN_INFINITE_RECURSION = YES;
				CLANG_WARN_INT_CONVERSION = YES;
				CLANG_WARN_NON_LITERAL_NULL_CONVERSION = YES;
				CLANG_WARN_OBJC_IMPLICIT_RETAIN_SELF = YES;
				CLANG_WARN_OBJC_LITERAL_CONVERSION = YES;
				CLANG_WARN_OBJC_ROOT_CLASS = YES_ERROR;
				CLANG_WARN_QUOTED_INCLUDE_IN_FRAMEWORK_HEADER = YES;
				CLANG_WARN_RANGE_LOOP_ANALYSIS = YES;
				CLANG_WARN_STRICT_PROTOTYPES = YES;
				CLANG_WARN_SUSPICIOUS_MOVE = YES;
				CLANG_WARN_UNGUARDED_AVAILABILITY = YES_AGGRESSIVE;
				CLANG_WARN_UNREACHABLE_CODE = YES;
				CLANG_WARN__DUPLICATE_METHOD_MATCH = YES;
				COPY_PHASE_STRIP = NO;
				DEBUG_INFORMATION_FORMAT = "dwarf-with-dsym";
				ENABLE_NS_ASSERTIONS = NO;
				ENABLE_STRICT_OBJC_MSGSEND = YES;
				GCC_C_LANGUAGE_STANDARD = gnu11;
				GCC_NO_COMMON_BLOCKS = YES;
				GCC_WARN_64_TO_32_BIT_CONVERSION = YES;
				GCC_WARN_ABOUT_RETURN_TYPE = YES_ERROR;
				GCC_WARN_UNDECLARED_SELECTOR = YES;
				GCC_WARN_UNINITIALIZED_AUTOS = YES_AGGRESSIVE;
				GCC_WARN_UNUSED_FUNCTION = YES;
				GCC_WARN_UNUSED_VARIABLE = YES;
				IPHONEOS_DEPLOYMENT_TARGET = 15.5;
				MTL_ENABLE_DEBUG_INFO = NO;
				MTL_FAST_MATH = YES;
				SDKROOT = iphoneos;
				SWIFT_COMPILATION_MODE = wholemodule;
				SWIFT_OPTIMIZATION_LEVEL = "-O";
				VALIDATE_PRODUCT = YES;
			};
			name = Release;
		};
		1B076BFC28B9C2D2003C16F0 /* Debug */ = {
			isa = XCBuildConfiguration;
			buildSettings = {
				ASSETCATALOG_COMPILER_APPICON_NAME = AppIcon;
				ASSETCATALOG_COMPILER_GLOBAL_ACCENT_COLOR_NAME = AccentColor;
				CODE_SIGN_STYLE = Automatic;
				CURRENT_PROJECT_VERSION = 1;
				DEVELOPMENT_ASSET_PATHS = "\"Reflexes/Preview Content\"";
				DEVELOPMENT_TEAM = XU74GKY8PX;
				ENABLE_PREVIEWS = YES;
				GENERATE_INFOPLIST_FILE = YES;
				INFOPLIST_FILE = Reflexes/Info.plist;
				INFOPLIST_KEY_CFBundleDisplayName = "モグラ叩き";
				INFOPLIST_KEY_UIApplicationSceneManifest_Generation = YES;
				INFOPLIST_KEY_UIApplicationSupportsIndirectInputEvents = YES;
				INFOPLIST_KEY_UILaunchScreen_Generation = YES;
				INFOPLIST_KEY_UISupportedInterfaceOrientations_iPad = "UIInterfaceOrientationPortrait UIInterfaceOrientationPortraitUpsideDown UIInterfaceOrientationLandscapeLeft UIInterfaceOrientationLandscapeRight";
				INFOPLIST_KEY_UISupportedInterfaceOrientations_iPhone = "UIInterfaceOrientationPortrait UIInterfaceOrientationLandscapeLeft UIInterfaceOrientationLandscapeRight";
				INFOPLIST_KEY_UIUserInterfaceStyle = Light;
				LD_RUNPATH_SEARCH_PATHS = (
					"$(inherited)",
					"@executable_path/Frameworks",
				);
				MARKETING_VERSION = 1.1;
				PRODUCT_BUNDLE_IDENTIFIER = com.hideto.Reflexes;
				PRODUCT_NAME = "$(TARGET_NAME)";
				SWIFT_EMIT_LOC_STRINGS = YES;
				SWIFT_VERSION = 5.0;
				TARGETED_DEVICE_FAMILY = 1;
			};
			name = Debug;
		};
		1B076BFD28B9C2D2003C16F0 /* Release */ = {
			isa = XCBuildConfiguration;
			buildSettings = {
				ASSETCATALOG_COMPILER_APPICON_NAME = AppIcon;
				ASSETCATALOG_COMPILER_GLOBAL_ACCENT_COLOR_NAME = AccentColor;
				CODE_SIGN_STYLE = Automatic;
				CURRENT_PROJECT_VERSION = 1;
				DEVELOPMENT_ASSET_PATHS = "\"Reflexes/Preview Content\"";
				DEVELOPMENT_TEAM = XU74GKY8PX;
				ENABLE_PREVIEWS = YES;
				GENERATE_INFOPLIST_FILE = YES;
				INFOPLIST_FILE = Reflexes/Info.plist;
				INFOPLIST_KEY_CFBundleDisplayName = "モグラ叩き";
				INFOPLIST_KEY_UIApplicationSceneManifest_Generation = YES;
				INFOPLIST_KEY_UIApplicationSupportsIndirectInputEvents = YES;
				INFOPLIST_KEY_UILaunchScreen_Generation = YES;
				INFOPLIST_KEY_UISupportedInterfaceOrientations_iPad = "UIInterfaceOrientationPortrait UIInterfaceOrientationPortraitUpsideDown UIInterfaceOrientationLandscapeLeft UIInterfaceOrientationLandscapeRight";
				INFOPLIST_KEY_UISupportedInterfaceOrientations_iPhone = "UIInterfaceOrientationPortrait UIInterfaceOrientationLandscapeLeft UIInterfaceOrientationLandscapeRight";
				INFOPLIST_KEY_UIUserInterfaceStyle = Light;
				LD_RUNPATH_SEARCH_PATHS = (
					"$(inherited)",
					"@executable_path/Frameworks",
				);
				MARKETING_VERSION = 1.1;
				PRODUCT_BUNDLE_IDENTIFIER = com.hideto.Reflexes;
				PRODUCT_NAME = "$(TARGET_NAME)";
				SWIFT_EMIT_LOC_STRINGS = YES;
				SWIFT_VERSION = 5.0;
				TARGETED_DEVICE_FAMILY = 1;
			};
			name = Release;
		};
/* End XCBuildConfiguration section */

/* Begin XCConfigurationList section */
		1B076BE828B9C2D0003C16F0 /* Build configuration list for PBXProject "Reflexes" */ = {
			isa = XCConfigurationList;
			buildConfigurations = (
				1B076BF928B9C2D2003C16F0 /* Debug */,
				1B076BFA28B9C2D2003C16F0 /* Release */,
			);
			defaultConfigurationIsVisible = 0;
			defaultConfigurationName = Release;
		};
		1B076BFB28B9C2D2003C16F0 /* Build configuration list for PBXNativeTarget "Reflexes" */ = {
			isa = XCConfigurationList;
			buildConfigurations = (
				1B076BFC28B9C2D2003C16F0 /* Debug */,
				1B076BFD28B9C2D2003C16F0 /* Release */,
			);
			defaultConfigurationIsVisible = 0;
			defaultConfigurationName = Release;
		};
/* End XCConfigurationList section */
	};
	rootObject = 1B076BE528B9C2D0003C16F0 /* Project object */;
}
